
Microsoft Visual Studio Solution File, Format Version 12.00
# Visual Studio 15
VisualStudioVersion = 15.0.28307.421
MinimumVisualStudioVersion = 10.0.40219.1
Project("{FAE04EC0-301F-11D3-BF4B-00C04F79EFBC}") = "CourierKata", "CourierKata\CourierKata.csproj", "{AA62E49B-C992-45D8-A816-960EAA3406B9}"
EndProject
Global
	GlobalSection(SolutionConfigurationPlatforms) = preSolution
		Debug|Any CPU = Debug|Any CPU
		Release|Any CPU = Release|Any CPU
	EndGlobalSection
	GlobalSection(ProjectConfigurationPlatforms) = postSolution
		{AA62E49B-C992-45D8-A816-960EAA3406B9}.Debug|Any CPU.ActiveCfg = Debug|Any CPU
		{AA62E49B-C992-45D8-A816-960EAA3406B9}.Debug|Any CPU.Build.0 = Debug|Any CPU
		{AA62E49B-C992-45D8-A816-960EAA3406B9}.Release|Any CPU.ActiveCfg = Release|Any CPU
		{AA62E49B-C992-45D8-A816-960EAA3406B9}.Release|Any CPU.Build.0 = Release|Any CPU
	EndGlobalSection
	GlobalSection(SolutionProperties) = preSolution
		HideSolutionNode = FALSE
	EndGlobalSection
	GlobalSection(ExtensibilityGlobals) = postSolution
		SolutionGuid = {8406CB35-309E-41DD-ADD7-3792AB23A5BB}
	EndGlobalSection
EndGlobal
